Microsoft Visual Studio Solution File, Format Version 12.00
# Visual Studio 15
VisualStudioVersion = 15.0.26430.15
MinimumVisualStudioVersion = 10.0.40219.1
Project("{FAE04EC0-301F-11D3-BF4B-00C04F79EFBC}") = "AmbilWarnaDemo", "AmbilWarnaDemo.csproj", "{F4FB3F81-01CC-4203-92D8-FEE74A993F01}"
EndProject
Project("{FAE04EC0-301F-11D3-BF4B-00C04F79EFBC}") = "AmbilWarna", "..\AmbilWarnaLib\AmbilWarna.csproj", "{085BAAE5-13FE-4863-A99F-6A53C0F47928}"
EndProject
Global
	GlobalSection(SolutionConfigurationPlatforms) = preSolution
		Debug|Any CPU = Debug|Any CPU
		Release|Any CPU = Release|Any CPU
	EndGlobalSection
	GlobalSection(ProjectConfigurationPlatforms) = postSolution
		{F4FB3F81-01CC-4203-92D8-FEE74A993F01}.Debug|Any CPU.ActiveCfg = Debug|Any CPU
		{F4FB3F81-01CC-4203-92D8-FEE74A993F01}.Debug|Any CPU.Build.0 = Debug|Any CPU
		{F4FB3F81-01CC-4203-92D8-FEE74A993F01}.Debug|Any CPU.Deploy.0 = Debug|Any CPU
		{F4FB3F81-01CC-4203-92D8-FEE74A993F01}.Release|Any CPU.ActiveCfg = Release|Any CPU
		{F4FB3F81-01CC-4203-92D8-FEE74A993F01}.Release|Any CPU.Build.0 = Release|Any CPU
		{085BAAE5-13FE-4863-A99F-6A53C0F47928}.Debug|Any CPU.ActiveCfg = Debug|Any CPU
		{085BAAE5-13FE-4863-A99F-6A53C0F47928}.Debug|Any CPU.Build.0 = Debug|Any CPU
		{085BAAE5-13FE-4863-A99F-6A53C0F47928}.Release|Any CPU.ActiveCfg = Release|Any CPU
		{085BAAE5-13FE-4863-A99F-6A53C0F47928}.Release|Any CPU.Build.0 = Release|Any CPU
	EndGlobalSection
	GlobalSection(SolutionProperties) = preSolution
		HideSolutionNode = FALSE
	EndGlobalSection
EndGlobal
